
Microsoft Visual Studio Solution File, Format Version 12.00
# Visual Studio Version 16
VisualStudioVersion = 16.0.29709.97
MinimumVisualStudioVersion = 10.0.40219.1
Project("{9A19103F-16F7-4668-BE54-9A1E7A4F7556}") = "SIS.HTTP", "SIS.HTTP\SIS.HTTP.csproj", "{7855DC04-3A03-45E4-8E13-E351C68FA6A4}"
EndProject
Project("{9A19103F-16F7-4668-BE54-9A1E7A4F7556}") = "Suls", "Suls\Suls.csproj", "{5D6C5568-0A95-45A2-9082-5096FA1125E3}"
EndProject
Project("{9A19103F-16F7-4668-BE54-9A1E7A4F7556}") = "SIS.MVCFramework", "SIS.MVCFramework\SIS.MVCFramework.csproj", "{79B7B178-15E6-4CB0-AF27-7961E022615A}"
EndProject
Project("{FAE04EC0-301F-11D3-BF4B-00C04F79EFBC}") = "SIS.MvcFramework.Tests", "SIS.MvcFramework.Tests\SIS.MvcFramework.Tests.csproj", "{7E0B1E22-2483-4C3E-9BE9-0052A05337D8}"
EndProject
Global
	GlobalSection(SolutionConfigurationPlatforms) = preSolution
		Debug|Any CPU = Debug|Any CPU
		Release|Any CPU = Release|Any CPU
	EndGlobalSection
	GlobalSection(ProjectConfigurationPlatforms) = postSolution
		{7855DC04-3A03-45E4-8E13-E351C68FA6A4}.Debug|Any CPU.ActiveCfg = Debug|Any CPU
		{7855DC04-3A03-45E4-8E13-E351C68FA6A4}.Debug|Any CPU.Build.0 = Debug|Any CPU
		{7855DC04-3A03-45E4-8E13-E351C68FA6A4}.Release|Any CPU.ActiveCfg = Release|Any CPU
		{7855DC04-3A03-45E4-8E13-E351C68FA6A4}.Release|Any CPU.Build.0 = Release|Any CPU
		{5D6C5568-0A95-45A2-9082-5096FA1125E3}.Debug|Any CPU.ActiveCfg = Debug|Any CPU
		{5D6C5568-0A95-45A2-9082-5096FA1125E3}.Debug|Any CPU.Build.0 = Debug|Any CPU
		{5D6C5568-0A95-45A2-9082-5096FA1125E3}.Release|Any CPU.ActiveCfg = Release|Any CPU
		{5D6C5568-0A95-45A2-9082-5096FA1125E3}.Release|Any CPU.Build.0 = Release|Any CPU
		{79B7B178-15E6-4CB0-AF27-7961E022615A}.Debug|Any CPU.ActiveCfg = Debug|Any CPU
		{79B7B178-15E6-4CB0-AF27-7961E022615A}.Debug|Any CPU.Build.0 = Debug|Any CPU
		{79B7B178-15E6-4CB0-AF27-7961E022615A}.Release|Any CPU.ActiveCfg = Release|Any CPU
		{79B7B178-15E6-4CB0-AF27-7961E022615A}.Release|Any CPU.Build.0 = Release|Any CPU
		{7E0B1E22-2483-4C3E-9BE9-0052A05337D8}.Debug|Any CPU.ActiveCfg = Debug|Any CPU
		{7E0B1E22-2483-4C3E-9BE9-0052A05337D8}.Debug|Any CPU.Build.0 = Debug|Any CPU
		{7E0B1E22-2483-4C3E-9BE9-0052A05337D8}.Release|Any CPU.ActiveCfg = Release|Any CPU
		{7E0B1E22-2483-4C3E-9BE9-0052A05337D8}.Release|Any CPU.Build.0 = Release|Any CPU
	EndGlobalSection
	GlobalSection(SolutionProperties) = preSolution
		HideSolutionNode = FALSE
	EndGlobalSection
	GlobalSection(ExtensibilityGlobals) = postSolution
		SolutionGuid = {CEA9858C-A70C-4DAC-A4B5-9393A32A9B82}
	EndGlobalSection
EndGlobal
