
Microsoft Visual Studio Solution File, Format Version 12.00
# Visual Studio Version 16
VisualStudioVersion = 16.0.30907.101
MinimumVisualStudioVersion = 10.0.40219.1
Project("{FAE04EC0-301F-11D3-BF4B-00C04F79EFBC}") = "AsynchronousProgramming", "AsynchronousProgramming\AsynchronousProgramming.csproj", "{BFA10661-48CA-46ED-B7ED-A53B47DA6AFA}"
EndProject
Global
	GlobalSection(SolutionConfigurationPlatforms) = preSolution
		Debug|Any CPU = Debug|Any CPU
		Release|Any CPU = Release|Any CPU
	EndGlobalSection
	GlobalSection(ProjectConfigurationPlatforms) = postSolution
		{BFA10661-48CA-46ED-B7ED-A53B47DA6AFA}.Debug|Any CPU.ActiveCfg = Debug|Any CPU
		{BFA10661-48CA-46ED-B7ED-A53B47DA6AFA}.Debug|Any CPU.Build.0 = Debug|Any CPU
		{BFA10661-48CA-46ED-B7ED-A53B47DA6AFA}.Release|Any CPU.ActiveCfg = Release|Any CPU
		{BFA10661-48CA-46ED-B7ED-A53B47DA6AFA}.Release|Any CPU.Build.0 = Release|Any CPU
	EndGlobalSection
	GlobalSection(SolutionProperties) = preSolution
		HideSolutionNode = FALSE
	EndGlobalSection
	GlobalSection(ExtensibilityGlobals) = postSolution
		SolutionGuid = {F8C9B8D8-A675-4894-A0BA-A58248C9438F}
	EndGlobalSection
EndGlobal
